
Microsoft Visual Studio Solution File, Format Version 12.00
# Visual Studio Version 17
VisualStudioVersion = 17.9.34607.119
MinimumVisualStudioVersion = 10.0.40219.1
Project("{FAE04EC0-301F-11D3-BF4B-00C04F79EFBC}") = "SZGYA13C_Muveltsegi", "SZGYA13C_Muveltsegi\SZGYA13C_Muveltsegi.csproj", "{1CF19F21-F2EF-4BA2-8D43-931EE475EC0D}"
EndProject
Global
	GlobalSection(SolutionConfigurationPlatforms) = preSolution
		Debug|Any CPU = Debug|Any CPU
		Release|Any CPU = Release|Any CPU
	EndGlobalSection
	GlobalSection(ProjectConfigurationPlatforms) = postSolution
		{1CF19F21-F2EF-4BA2-8D43-931EE475EC0D}.Debug|Any CPU.ActiveCfg = Debug|Any CPU
		{1CF19F21-F2EF-4BA2-8D43-931EE475EC0D}.Debug|Any CPU.Build.0 = Debug|Any CPU
		{1CF19F21-F2EF-4BA2-8D43-931EE475EC0D}.Release|Any CPU.ActiveCfg = Release|Any CPU
		{1CF19F21-F2EF-4BA2-8D43-931EE475EC0D}.Release|Any CPU.Build.0 = Release|Any CPU
	EndGlobalSection
	GlobalSection(SolutionProperties) = preSolution
		HideSolutionNode = FALSE
	EndGlobalSection
	GlobalSection(ExtensibilityGlobals) = postSolution
		SolutionGuid = {9725100B-02B2-4631-BBCB-A103C11648B8}
	EndGlobalSection
EndGlobal
